
Microsoft Visual Studio Solution File, Format Version 12.00
# Visual Studio 11
Project("{FAE04EC0-301F-11D3-BF4B-00C04F79EFBC}") = "FSharpJump", "FSharpJump\FSharpJump.csproj", "{D5D3FFE3-C141-4B16-BDB4-67FAA5D59C3A}"
EndProject
Project("{F2A71F9B-5D33-465A-A702-920D77279786}") = "FSharpJumpCore", "FSharpJumpCore\FSharpJumpCore.fsproj", "{B985F7E7-D1A7-462B-980F-59EA99F3C913}"
EndProject
Global
	GlobalSection(TeamFoundationVersionControl) = preSolution
		SccEnterpriseProvider = {4CA58AB2-18FA-4F8D-95D4-32DDF27D184C}
		SccLocalPath0 = .
		SccLocalPath1 = FSharpJump
		SccLocalPath2 = FSharpJumpCore
		SccNumberOfProjects = 3
		SccProjectName1 = FSharpJump
		SccProjectName2 = FSharpJumpCore
		SccProjectUniqueName1 = FSharpJump\\FSharpJump.csproj
		SccProjectUniqueName2 = FSharpJumpCore\\FSharpJumpCore.fsproj
		SccTeamFoundationServer = https://tfs.codeplex.com/tfs/tfs03
	EndGlobalSection
	GlobalSection(SolutionConfigurationPlatforms) = preSolution
		Debug|Any CPU = Debug|Any CPU
		Release|Any CPU = Release|Any CPU
	EndGlobalSection
	GlobalSection(ProjectConfigurationPlatforms) = postSolution
		{B985F7E7-D1A7-462B-980F-59EA99F3C913}.Debug|Any CPU.ActiveCfg = Debug|Any CPU
		{B985F7E7-D1A7-462B-980F-59EA99F3C913}.Debug|Any CPU.Build.0 = Debug|Any CPU
		{B985F7E7-D1A7-462B-980F-59EA99F3C913}.Release|Any CPU.ActiveCfg = Release|Any CPU
		{B985F7E7-D1A7-462B-980F-59EA99F3C913}.Release|Any CPU.Build.0 = Release|Any CPU
		{D5D3FFE3-C141-4B16-BDB4-67FAA5D59C3A}.Debug|Any CPU.ActiveCfg = Debug|Any CPU
		{D5D3FFE3-C141-4B16-BDB4-67FAA5D59C3A}.Debug|Any CPU.Build.0 = Debug|Any CPU
		{D5D3FFE3-C141-4B16-BDB4-67FAA5D59C3A}.Release|Any CPU.ActiveCfg = Release|Any CPU
		{D5D3FFE3-C141-4B16-BDB4-67FAA5D59C3A}.Release|Any CPU.Build.0 = Release|Any CPU
	EndGlobalSection
	GlobalSection(SolutionProperties) = preSolution
		HideSolutionNode = FALSE
	EndGlobalSection
EndGlobal
